{"1.2.0",
[{<<"jsone">>,{pkg,<<"jsone">>,<<"1.8.1">>},0},
 {<<"meck">>,{pkg,<<"meck">>,<<"0.9.2">>},0}]}.
[
{pkg_hash,[
 {<<"jsone">>, <<"6BC74D3863D55D420077346DA97C601711017A057F2FD1DF65D6D65DD562FBAB">>},
 {<<"meck">>, <<"85CCBAB053F1DB86C7CA240E9FC718170EE5BDA03810A6292B5306BF31BAE5F5">>}]},
{pkg_hash_ext,[
 {<<"jsone">>, <<"C78918124148C51A7A84C678E39BBC6281F8CB582F1D88584628A98468E99738">>},
 {<<"meck">>, <<"81344F561357DC40A8344AFA53767C32669153355B626EA9FCBC8DA6B3045826">>}]}
].
